
Microsoft Visual Studio Solution File, Format Version 12.00
# Visual Studio Version 16
VisualStudioVersion = 16.0.29609.76
MinimumVisualStudioVersion = 10.0.40219.1
Project("{9A19103F-16F7-4668-BE54-9A1E7A4F7556}") = "GnomeVillage.WebUI", "GnomeVillage.WebUI\GnomeVillage.WebUI.csproj", "{BC79978A-0F50-4AF8-B917-0E693AC5AFF0}"
EndProject
Project("{9A19103F-16F7-4668-BE54-9A1E7A4F7556}") = "GnomeVillage.Domain", "GnomeVillage.Domain\GnomeVillage.Domain.csproj", "{DE1A0255-F5A7-417B-87D3-39B295F84249}"
EndProject
Project("{9A19103F-16F7-4668-BE54-9A1E7A4F7556}") = "GnomeVillage.Api", "GnomeVillage.Api\GnomeVillage.Api.csproj", "{5A726199-A8DC-4804-A7EB-4A0DE828AEC4}"
EndProject
Project("{9A19103F-16F7-4668-BE54-9A1E7A4F7556}") = "GnomeVillage.Cqrs.Contracts", "GnomeVillage.Cqrs.Contracts\GnomeVillage.Cqrs.Contracts.csproj", "{654E744F-0392-4C16-A030-78D58F3EF82D}"
EndProject
Project("{9A19103F-16F7-4668-BE54-9A1E7A4F7556}") = "GnomeVillage.Cqrs.Implementation", "GnomeVillage.Cqrs.Implementation\GnomeVillage.Cqrs.Implementation.csproj", "{DCB54754-B83B-4475-A0C6-77CAE57C06D8}"
EndProject
Project("{9A19103F-16F7-4668-BE54-9A1E7A4F7556}") = "GnomeVillage.Data", "GnomeVillage.Data\GnomeVillage.Data.csproj", "{60712213-F6F9-446D-87EA-775B526AA850}"
EndProject
Project("{9A19103F-16F7-4668-BE54-9A1E7A4F7556}") = "GnomeVillage.Application.Commands", "GnomeVillage.Application.Commands\GnomeVillage.Application.Commands.csproj", "{36ABA278-39EC-4CD8-9C45-4022C09268B5}"
EndProject
Project("{9A19103F-16F7-4668-BE54-9A1E7A4F7556}") = "GnomeVillage.Application.Queries", "GnomeVillage.Application.Queries\GnomeVillage.Application.Queries.csproj", "{B2F40A93-1CDB-41D6-89BE-A8BF1A3C0C95}"
EndProject
Project("{9A19103F-16F7-4668-BE54-9A1E7A4F7556}") = "GnomeVillage.Application.CommandHandlers", "GnomeVillage.Application.CommandHandlers\GnomeVillage.Application.CommandHandlers.csproj", "{3CDA5978-E230-49A9-B3FE-E2DCA5BCB4E0}"
EndProject
Project("{9A19103F-16F7-4668-BE54-9A1E7A4F7556}") = "GnomeVillage.Application.QueryHandlers", "GnomeVillage.Application.QueryHandlers\GnomeVillage.Application.QueryHandlers.csproj", "{303BED76-FF4A-445B-912C-DD7062C0892E}"
EndProject
Project("{9A19103F-16F7-4668-BE54-9A1E7A4F7556}") = "GnomeVillage.Application.Common", "GnomeVillage.Application.Common\GnomeVillage.Application.Common.csproj", "{3BE8D634-2781-4476-BBB3-F0F18936704D}"
EndProject
Project("{9A19103F-16F7-4668-BE54-9A1E7A4F7556}") = "GnomeVillage.Domain.Core", "GnomeVillage.Domain.Core\GnomeVillage.Domain.Core.csproj", "{91462C65-3207-493D-94F7-F4092F9F7C08}"
EndProject
Project("{9A19103F-16F7-4668-BE54-9A1E7A4F7556}") = "GnomeVillage.Data.ConsoleTool", "GnomeVillage.Data.ConsoleTool\GnomeVillage.Data.ConsoleTool.csproj", "{B31D44FC-0ED6-4E11-AFF6-D3EE6ADC4B47}"
EndProject
Project("{9A19103F-16F7-4668-BE54-9A1E7A4F7556}") = "GnomeVillage.Domain.Implementation", "GnomeVillage.Domain.Implementation\GnomeVillage.Domain.Implementation.csproj", "{004739C4-3EDF-4465-AB8E-1BF178D5F848}"
EndProject
Project("{9A19103F-16F7-4668-BE54-9A1E7A4F7556}") = "GnomeVillage.ReadModel.Contracts", "GnomeVillage.ReadModel.Contracts\GnomeVillage.ReadModel.Contracts.csproj", "{71F19CA3-A9F9-4221-A2B5-47C9DF29472B}"
EndProject
Project("{9A19103F-16F7-4668-BE54-9A1E7A4F7556}") = "GnomeVillage.ReadModel.Implementation", "GnomeVillage.ReadModel.Implementation\GnomeVillage.ReadModel.Implementation.csproj", "{F2D31144-4AFA-4191-A97A-C5C0FF004D62}"
EndProject
Project("{2150E333-8FDC-42A3-9474-1A3956D46DE8}") = "ReadModel", "ReadModel", "{EA26F975-8FD8-4E8D-9569-9FE4E8949E8C}"
EndProject
Project("{2150E333-8FDC-42A3-9474-1A3956D46DE8}") = "WriteModel", "WriteModel", "{C07DCE21-EED9-43A0-A7DA-7018CF5156F5}"
EndProject
Project("{2150E333-8FDC-42A3-9474-1A3956D46DE8}") = "Backend", "Backend", "{12EF3F02-395B-4E71-97BA-BE3F2795A050}"
EndProject
Project("{2150E333-8FDC-42A3-9474-1A3956D46DE8}") = "Core", "Core", "{C40415BF-2B9C-41C0-9B3E-09FCBB4F1897}"
EndProject
Project("{2150E333-8FDC-42A3-9474-1A3956D46DE8}") = "Data", "Data", "{10118347-4336-46E6-8799-7FD3C0DD166E}"
EndProject
Project("{2150E333-8FDC-42A3-9474-1A3956D46DE8}") = "Frontend", "Frontend", "{E5180460-DD0E-4C7C-9373-6BF68D9185F4}"
EndProject
Project("{00D1A9C2-B5F0-4AF3-8072-F6C62B433612}") = "GnomeVillage.Data.SqlServer", "GnomeVillage.Data.SqlServer\GnomeVillage.Data.SqlServer.sqlproj", "{766A4E4C-F5C7-4F4F-82EF-7A96ECC424B8}"
EndProject
Project("{2150E333-8FDC-42A3-9474-1A3956D46DE8}") = "Solution Items", "Solution Items", "{8EA7453F-8478-44D3-A5DA-AA0A237AD685}"
	ProjectSection(SolutionItems) = preProject
		README.md = README.md
	EndProjectSection
EndProject
Project("{9A19103F-16F7-4668-BE54-9A1E7A4F7556}") = "GnomeVillage.Application.Commands.Dtos", "GnomeVillage.Application.Commands.Dtos\GnomeVillage.Application.Commands.Dtos.csproj", "{A42D3A60-9405-44AA-92EA-C5F59C304C63}"
EndProject
Project("{9A19103F-16F7-4668-BE54-9A1E7A4F7556}") = "GnomeVillage.Application.Queries.Dtos", "GnomeVillage.Application.Queries.Dtos\GnomeVillage.Application.Queries.Dtos.csproj", "{F31CDBFB-EB36-4377-A3C6-5909476FFB4B}"
EndProject
Global
	GlobalSection(SolutionConfigurationPlatforms) = preSolution
		Debug|Any CPU = Debug|Any CPU
		Release|Any CPU = Release|Any CPU
	EndGlobalSection
	GlobalSection(ProjectConfigurationPlatforms) = postSolution
		{BC79978A-0F50-4AF8-B917-0E693AC5AFF0}.Debug|Any CPU.ActiveCfg = Debug|Any CPU
		{BC79978A-0F50-4AF8-B917-0E693AC5AFF0}.Debug|Any CPU.Build.0 = Debug|Any CPU
		{BC79978A-0F50-4AF8-B917-0E693AC5AFF0}.Release|Any CPU.ActiveCfg = Release|Any CPU
		{BC79978A-0F50-4AF8-B917-0E693AC5AFF0}.Release|Any CPU.Build.0 = Release|Any CPU
		{DE1A0255-F5A7-417B-87D3-39B295F84249}.Debug|Any CPU.ActiveCfg = Debug|Any CPU
		{DE1A0255-F5A7-417B-87D3-39B295F84249}.Debug|Any CPU.Build.0 = Debug|Any CPU
		{DE1A0255-F5A7-417B-87D3-39B295F84249}.Release|Any CPU.ActiveCfg = Release|Any CPU
		{DE1A0255-F5A7-417B-87D3-39B295F84249}.Release|Any CPU.Build.0 = Release|Any CPU
		{5A726199-A8DC-4804-A7EB-4A0DE828AEC4}.Debug|Any CPU.ActiveCfg = Debug|Any CPU
		{5A726199-A8DC-4804-A7EB-4A0DE828AEC4}.Debug|Any CPU.Build.0 = Debug|Any CPU
		{5A726199-A8DC-4804-A7EB-4A0DE828AEC4}.Release|Any CPU.ActiveCfg = Release|Any CPU
		{5A726199-A8DC-4804-A7EB-4A0DE828AEC4}.Release|Any CPU.Build.0 = Release|Any CPU
		{654E744F-0392-4C16-A030-78D58F3EF82D}.Debug|Any CPU.ActiveCfg = Debug|Any CPU
		{654E744F-0392-4C16-A030-78D58F3EF82D}.Debug|Any CPU.Build.0 = Debug|Any CPU
		{654E744F-0392-4C16-A030-78D58F3EF82D}.Release|Any CPU.ActiveCfg = Release|Any CPU
		{654E744F-0392-4C16-A030-78D58F3EF82D}.Release|Any CPU.Build.0 = Release|Any CPU
		{DCB54754-B83B-4475-A0C6-77CAE57C06D8}.Debug|Any CPU.ActiveCfg = Debug|Any CPU
		{DCB54754-B83B-4475-A0C6-77CAE57C06D8}.Debug|Any CPU.Build.0 = Debug|Any CPU
		{DCB54754-B83B-4475-A0C6-77CAE57C06D8}.Release|Any CPU.ActiveCfg = Release|Any CPU
		{DCB54754-B83B-4475-A0C6-77CAE57C06D8}.Release|Any CPU.Build.0 = Release|Any CPU
		{60712213-F6F9-446D-87EA-775B526AA850}.Debug|Any CPU.ActiveCfg = Debug|Any CPU
		{60712213-F6F9-446D-87EA-775B526AA850}.Debug|Any CPU.Build.0 = Debug|Any CPU
		{60712213-F6F9-446D-87EA-775B526AA850}.Release|Any CPU.ActiveCfg = Release|Any CPU
		{60712213-F6F9-446D-87EA-775B526AA850}.Release|Any CPU.Build.0 = Release|Any CPU
		{36ABA278-39EC-4CD8-9C45-4022C09268B5}.Debug|Any CPU.ActiveCfg = Debug|Any CPU
		{36ABA278-39EC-4CD8-9C45-4022C09268B5}.Debug|Any CPU.Build.0 = Debug|Any CPU
		{36ABA278-39EC-4CD8-9C45-4022C09268B5}.Release|Any CPU.ActiveCfg = Release|Any CPU
		{36ABA278-39EC-4CD8-9C45-4022C09268B5}.Release|Any CPU.Build.0 = Release|Any CPU
		{B2F40A93-1CDB-41D6-89BE-A8BF1A3C0C95}.Debug|Any CPU.ActiveCfg = Debug|Any CPU
		{B2F40A93-1CDB-41D6-89BE-A8BF1A3C0C95}.Debug|Any CPU.Build.0 = Debug|Any CPU
		{B2F40A93-1CDB-41D6-89BE-A8BF1A3C0C95}.Release|Any CPU.ActiveCfg = Release|Any CPU
		{B2F40A93-1CDB-41D6-89BE-A8BF1A3C0C95}.Release|Any CPU.Build.0 = Release|Any CPU
		{3CDA5978-E230-49A9-B3FE-E2DCA5BCB4E0}.Debug|Any CPU.ActiveCfg = Debug|Any CPU
		{3CDA5978-E230-49A9-B3FE-E2DCA5BCB4E0}.Debug|Any CPU.Build.0 = Debug|Any CPU
		{3CDA5978-E230-49A9-B3FE-E2DCA5BCB4E0}.Release|Any CPU.ActiveCfg = Release|Any CPU
		{3CDA5978-E230-49A9-B3FE-E2DCA5BCB4E0}.Release|Any CPU.Build.0 = Release|Any CPU
		{303BED76-FF4A-445B-912C-DD7062C0892E}.Debug|Any CPU.ActiveCfg = Debug|Any CPU
		{303BED76-FF4A-445B-912C-DD7062C0892E}.Debug|Any CPU.Build.0 = Debug|Any CPU
		{303BED76-FF4A-445B-912C-DD7062C0892E}.Release|Any CPU.ActiveCfg = Release|Any CPU
		{303BED76-FF4A-445B-912C-DD7062C0892E}.Release|Any CPU.Build.0 = Release|Any CPU
		{3BE8D634-2781-4476-BBB3-F0F18936704D}.Debug|Any CPU.ActiveCfg = Debug|Any CPU
		{3BE8D634-2781-4476-BBB3-F0F18936704D}.Debug|Any CPU.Build.0 = Debug|Any CPU
		{3BE8D634-2781-4476-BBB3-F0F18936704D}.Release|Any CPU.ActiveCfg = Release|Any CPU
		{3BE8D634-2781-4476-BBB3-F0F18936704D}.Release|Any CPU.Build.0 = Release|Any CPU
		{91462C65-3207-493D-94F7-F4092F9F7C08}.Debug|Any CPU.ActiveCfg = Debug|Any CPU
		{91462C65-3207-493D-94F7-F4092F9F7C08}.Debug|Any CPU.Build.0 = Debug|Any CPU
		{91462C65-3207-493D-94F7-F4092F9F7C08}.Release|Any CPU.ActiveCfg = Release|Any CPU
		{91462C65-3207-493D-94F7-F4092F9F7C08}.Release|Any CPU.Build.0 = Release|Any CPU
		{B31D44FC-0ED6-4E11-AFF6-D3EE6ADC4B47}.Debug|Any CPU.ActiveCfg = Debug|Any CPU
		{B31D44FC-0ED6-4E11-AFF6-D3EE6ADC4B47}.Debug|Any CPU.Build.0 = Debug|Any CPU
		{B31D44FC-0ED6-4E11-AFF6-D3EE6ADC4B47}.Release|Any CPU.ActiveCfg = Release|Any CPU
		{B31D44FC-0ED6-4E11-AFF6-D3EE6ADC4B47}.Release|Any CPU.Build.0 = Release|Any CPU
		{004739C4-3EDF-4465-AB8E-1BF178D5F848}.Debug|Any CPU.ActiveCfg = Debug|Any CPU
		{004739C4-3EDF-4465-AB8E-1BF178D5F848}.Debug|Any CPU.Build.0 = Debug|Any CPU
		{004739C4-3EDF-4465-AB8E-1BF178D5F848}.Release|Any CPU.ActiveCfg = Release|Any CPU
		{004739C4-3EDF-4465-AB8E-1BF178D5F848}.Release|Any CPU.Build.0 = Release|Any CPU
		{71F19CA3-A9F9-4221-A2B5-47C9DF29472B}.Debug|Any CPU.ActiveCfg = Debug|Any CPU
		{71F19CA3-A9F9-4221-A2B5-47C9DF29472B}.Debug|Any CPU.Build.0 = Debug|Any CPU
		{71F19CA3-A9F9-4221-A2B5-47C9DF29472B}.Release|Any CPU.ActiveCfg = Release|Any CPU
		{71F19CA3-A9F9-4221-A2B5-47C9DF29472B}.Release|Any CPU.Build.0 = Release|Any CPU
		{F2D31144-4AFA-4191-A97A-C5C0FF004D62}.Debug|Any CPU.ActiveCfg = Debug|Any CPU
		{F2D31144-4AFA-4191-A97A-C5C0FF004D62}.Debug|Any CPU.Build.0 = Debug|Any CPU
		{F2D31144-4AFA-4191-A97A-C5C0FF004D62}.Release|Any CPU.ActiveCfg = Release|Any CPU
		{F2D31144-4AFA-4191-A97A-C5C0FF004D62}.Release|Any CPU.Build.0 = Release|Any CPU
		{766A4E4C-F5C7-4F4F-82EF-7A96ECC424B8}.Debug|Any CPU.ActiveCfg = Debug|Any CPU
		{766A4E4C-F5C7-4F4F-82EF-7A96ECC424B8}.Debug|Any CPU.Build.0 = Debug|Any CPU
		{766A4E4C-F5C7-4F4F-82EF-7A96ECC424B8}.Debug|Any CPU.Deploy.0 = Debug|Any CPU
		{766A4E4C-F5C7-4F4F-82EF-7A96ECC424B8}.Release|Any CPU.ActiveCfg = Release|Any CPU
		{766A4E4C-F5C7-4F4F-82EF-7A96ECC424B8}.Release|Any CPU.Build.0 = Release|Any CPU
		{766A4E4C-F5C7-4F4F-82EF-7A96ECC424B8}.Release|Any CPU.Deploy.0 = Release|Any CPU
		{A42D3A60-9405-44AA-92EA-C5F59C304C63}.Debug|Any CPU.ActiveCfg = Debug|Any CPU
		{A42D3A60-9405-44AA-92EA-C5F59C304C63}.Debug|Any CPU.Build.0 = Debug|Any CPU
		{A42D3A60-9405-44AA-92EA-C5F59C304C63}.Release|Any CPU.ActiveCfg = Release|Any CPU
		{A42D3A60-9405-44AA-92EA-C5F59C304C63}.Release|Any CPU.Build.0 = Release|Any CPU
		{F31CDBFB-EB36-4377-A3C6-5909476FFB4B}.Debug|Any CPU.ActiveCfg = Debug|Any CPU
		{F31CDBFB-EB36-4377-A3C6-5909476FFB4B}.Debug|Any CPU.Build.0 = Debug|Any CPU
		{F31CDBFB-EB36-4377-A3C6-5909476FFB4B}.Release|Any CPU.ActiveCfg = Release|Any CPU
		{F31CDBFB-EB36-4377-A3C6-5909476FFB4B}.Release|Any CPU.Build.0 = Release|Any CPU
	EndGlobalSection
	GlobalSection(SolutionProperties) = preSolution
		HideSolutionNode = FALSE
	EndGlobalSection
	GlobalSection(NestedProjects) = preSolution
		{BC79978A-0F50-4AF8-B917-0E693AC5AFF0} = {E5180460-DD0E-4C7C-9373-6BF68D9185F4}
		{DE1A0255-F5A7-417B-87D3-39B295F84249} = {C07DCE21-EED9-43A0-A7DA-7018CF5156F5}
		{5A726199-A8DC-4804-A7EB-4A0DE828AEC4} = {12EF3F02-395B-4E71-97BA-BE3F2795A050}
		{654E744F-0392-4C16-A030-78D58F3EF82D} = {C40415BF-2B9C-41C0-9B3E-09FCBB4F1897}
		{DCB54754-B83B-4475-A0C6-77CAE57C06D8} = {C40415BF-2B9C-41C0-9B3E-09FCBB4F1897}
		{60712213-F6F9-446D-87EA-775B526AA850} = {10118347-4336-46E6-8799-7FD3C0DD166E}
		{36ABA278-39EC-4CD8-9C45-4022C09268B5} = {C07DCE21-EED9-43A0-A7DA-7018CF5156F5}
		{B2F40A93-1CDB-41D6-89BE-A8BF1A3C0C95} = {EA26F975-8FD8-4E8D-9569-9FE4E8949E8C}
		{3CDA5978-E230-49A9-B3FE-E2DCA5BCB4E0} = {C07DCE21-EED9-43A0-A7DA-7018CF5156F5}
		{303BED76-FF4A-445B-912C-DD7062C0892E} = {EA26F975-8FD8-4E8D-9569-9FE4E8949E8C}
		{3BE8D634-2781-4476-BBB3-F0F18936704D} = {C40415BF-2B9C-41C0-9B3E-09FCBB4F1897}
		{91462C65-3207-493D-94F7-F4092F9F7C08} = {C40415BF-2B9C-41C0-9B3E-09FCBB4F1897}
		{B31D44FC-0ED6-4E11-AFF6-D3EE6ADC4B47} = {10118347-4336-46E6-8799-7FD3C0DD166E}
		{004739C4-3EDF-4465-AB8E-1BF178D5F848} = {C07DCE21-EED9-43A0-A7DA-7018CF5156F5}
		{71F19CA3-A9F9-4221-A2B5-47C9DF29472B} = {EA26F975-8FD8-4E8D-9569-9FE4E8949E8C}
		{F2D31144-4AFA-4191-A97A-C5C0FF004D62} = {EA26F975-8FD8-4E8D-9569-9FE4E8949E8C}
		{EA26F975-8FD8-4E8D-9569-9FE4E8949E8C} = {12EF3F02-395B-4E71-97BA-BE3F2795A050}
		{C07DCE21-EED9-43A0-A7DA-7018CF5156F5} = {12EF3F02-395B-4E71-97BA-BE3F2795A050}
		{C40415BF-2B9C-41C0-9B3E-09FCBB4F1897} = {12EF3F02-395B-4E71-97BA-BE3F2795A050}
		{10118347-4336-46E6-8799-7FD3C0DD166E} = {12EF3F02-395B-4E71-97BA-BE3F2795A050}
		{766A4E4C-F5C7-4F4F-82EF-7A96ECC424B8} = {10118347-4336-46E6-8799-7FD3C0DD166E}
		{A42D3A60-9405-44AA-92EA-C5F59C304C63} = {C07DCE21-EED9-43A0-A7DA-7018CF5156F5}
		{F31CDBFB-EB36-4377-A3C6-5909476FFB4B} = {EA26F975-8FD8-4E8D-9569-9FE4E8949E8C}
	EndGlobalSection
	GlobalSection(ExtensibilityGlobals) = postSolution
		SolutionGuid = {7FBE4D75-BFD1-4EE9-8842-793EFC8A00E4}
	EndGlobalSection
EndGlobal
